
Microsoft Visual Studio Solution File, Format Version 12.00
Project("{FAE04EC0-301F-11D3-BF4B-00C04F79EFBC}") = "AverinAS_4_6_1", "AverinAS_4_6_1\AverinAS_4_6_1.csproj", "{F92FDC29-B690-49A7-9399-EE0CCF28F1B8}"
EndProject
Global
	GlobalSection(SolutionConfigurationPlatforms) = preSolution
		Debug|Any CPU = Debug|Any CPU
		Release|Any CPU = Release|Any CPU
	EndGlobalSection
	GlobalSection(ProjectConfigurationPlatforms) = postSolution
		{F92FDC29-B690-49A7-9399-EE0CCF28F1B8}.Debug|Any CPU.ActiveCfg = Debug|Any CPU
		{F92FDC29-B690-49A7-9399-EE0CCF28F1B8}.Debug|Any CPU.Build.0 = Debug|Any CPU
		{F92FDC29-B690-49A7-9399-EE0CCF28F1B8}.Release|Any CPU.ActiveCfg = Release|Any CPU
		{F92FDC29-B690-49A7-9399-EE0CCF28F1B8}.Release|Any CPU.Build.0 = Release|Any CPU
	EndGlobalSection
EndGlobal
